// !$*UTF8*$!
{
	archiveVersion = 1;
	classes = {
	};
	objectVersion = 56;
	objects = {

/* Begin PBXBuildFile section */
		1A67A7C32B627D37008E77D0 /* TripPlannerCore.framework in Frameworks */ = {isa = PBXBuildFile; fileRef = 1A67A7BA2B627D37008E77D0 /* TripPlannerCore.framework */; };
		1A67A7D42B627DCE008E77D0 /* Coordinate.swift in Sources */ = {isa = PBXBuildFile; fileRef = 1A67A7D32B627DCE008E77D0 /* Coordinate.swift */; };
		1A67A7D62B627E2A008E77D0 /* Place.swift in Sources */ = {isa = PBXBuildFile; fileRef = 1A67A7D52B627E2A008E77D0 /* Place.swift */; };
		1A67A7D82B627E7F008E77D0 /* Connection.swift in Sources */ = {isa = PBXBuildFile; fileRef = 1A67A7D72B627E7F008E77D0 /* Connection.swift */; };
		1A67A7DC2B62845D008E77D0 /* PriceCalculator.swift in Sources */ = {isa = PBXBuildFile; fileRef = 1A67A7DB2B62845D008E77D0 /* PriceCalculator.swift */; };
		1A67A7DE2B628703008E77D0 /* RouteBuilder.swift in Sources */ = {isa = PBXBuildFile; fileRef = 1A67A7DD2B628703008E77D0 /* RouteBuilder.swift */; };
		1A67A7E02B62916F008E77D0 /* RouteBuilderTests.swift in Sources */ = {isa = PBXBuildFile; fileRef = 1A67A7DF2B62916F008E77D0 /* RouteBuilderTests.swift */; };
		1A67A7E32B6296E4008E77D0 /* XCTestCase+Extension.swift in Sources */ = {isa = PBXBuildFile; fileRef = 1A67A7E22B6296E4008E77D0 /* XCTestCase+Extension.swift */; };
		1A67A7E82B62B7C3008E77D0 /* DijkstrasRouteBuilder.swift in Sources */ = {isa = PBXBuildFile; fileRef = 1A67A7E72B62B7C3008E77D0 /* DijkstrasRouteBuilder.swift */; };
		1A67A7EA2B62B80E008E77D0 /* RouteBuilderError.swift in Sources */ = {isa = PBXBuildFile; fileRef = 1A67A7E92B62B80E008E77D0 /* RouteBuilderError.swift */; };
		1A67A7EE2B62B8DA008E77D0 /* Route+Extension.swift in Sources */ = {isa = PBXBuildFile; fileRef = 1A67A7ED2B62B8DA008E77D0 /* Route+Extension.swift */; };
		1A67A7F12B62DDF3008E77D0 /* Sequence+Extension.swift in Sources */ = {isa = PBXBuildFile; fileRef = 1A67A7F02B62DDF3008E77D0 /* Sequence+Extension.swift */; };
		1A67A7F52B63CC60008E77D0 /* Route.swift in Sources */ = {isa = PBXBuildFile; fileRef = 1A67A7F42B63CC60008E77D0 /* Route.swift */; };
		1A67A7F82B63CF01008E77D0 /* TripPlanner.swift in Sources */ = {isa = PBXBuildFile; fileRef = 1A67A7F72B63CF01008E77D0 /* TripPlanner.swift */; };
		1A67A7FA2B63D9F3008E77D0 /* TripPlannerImpl.swift in Sources */ = {isa = PBXBuildFile; fileRef = 1A67A7F92B63D9F3008E77D0 /* TripPlannerImpl.swift */; };
		1A67A7FC2B63DA58008E77D0 /* TripPlannerTests.swift in Sources */ = {isa = PBXBuildFile; fileRef = 1A67A7FB2B63DA58008E77D0 /* TripPlannerTests.swift */; };
		1A67A7FE2B63FBCE008E77D0 /* XCTestCase+Places.swift in Sources */ = {isa = PBXBuildFile; fileRef = 1A67A7FD2B63FBCE008E77D0 /* XCTestCase+Places.swift */; };
		1A67A8002B63FC2B008E77D0 /* XCTestCase+Coordinates.swift in Sources */ = {isa = PBXBuildFile; fileRef = 1A67A7FF2B63FC2B008E77D0 /* XCTestCase+Coordinates.swift */; };
		1A67A8022B63FC6A008E77D0 /* Coordinate+Extension.swift in Sources */ = {isa = PBXBuildFile; fileRef = 1A67A8012B63FC6A008E77D0 /* Coordinate+Extension.swift */; };
		1A67A8042B63FCA0008E77D0 /* PresentableRoute+Extension.swift in Sources */ = {isa = PBXBuildFile; fileRef = 1A67A8032B63FCA0008E77D0 /* PresentableRoute+Extension.swift */; };
		1A67A8062B63FCD4008E77D0 /* RouteTag+Extension.swift in Sources */ = {isa = PBXBuildFile; fileRef = 1A67A8052B63FCD4008E77D0 /* RouteTag+Extension.swift */; };
		1A67A8082B63FF70008E77D0 /* Root.swift in Sources */ = {isa = PBXBuildFile; fileRef = 1A67A8072B63FF70008E77D0 /* Root.swift */; };
		1A67A8422B640395008E77D0 /* Route.swift in Sources */ = {isa = PBXBuildFile; fileRef = 1A67A7F42B63CC60008E77D0 /* Route.swift */; };
		1A67A8432B640395008E77D0 /* Coordinate.swift in Sources */ = {isa = PBXBuildFile; fileRef = 1A67A7D32B627DCE008E77D0 /* Coordinate.swift */; };
		1A67A8442B640395008E77D0 /* RouteBuilderError.swift in Sources */ = {isa = PBXBuildFile; fileRef = 1A67A7E92B62B80E008E77D0 /* RouteBuilderError.swift */; };
		1A67A8452B640395008E77D0 /* TripPlanner.swift in Sources */ = {isa = PBXBuildFile; fileRef = 1A67A7F72B63CF01008E77D0 /* TripPlanner.swift */; };
		1A67A8462B640395008E77D0 /* DijkstrasRouteBuilder.swift in Sources */ = {isa = PBXBuildFile; fileRef = 1A67A7E72B62B7C3008E77D0 /* DijkstrasRouteBuilder.swift */; };
		1A67A8472B640395008E77D0 /* Root.swift in Sources */ = {isa = PBXBuildFile; fileRef = 1A67A8072B63FF70008E77D0 /* Root.swift */; };
		1A67A8482B640395008E77D0 /* PriceCalculator.swift in Sources */ = {isa = PBXBuildFile; fileRef = 1A67A7DB2B62845D008E77D0 /* PriceCalculator.swift */; };
		1A67A8492B640395008E77D0 /* TripPlannerImpl.swift in Sources */ = {isa = PBXBuildFile; fileRef = 1A67A7F92B63D9F3008E77D0 /* TripPlannerImpl.swift */; };
		1A67A84A2B640395008E77D0 /* Sequence+Extension.swift in Sources */ = {isa = PBXBuildFile; fileRef = 1A67A7F02B62DDF3008E77D0 /* Sequence+Extension.swift */; };
		1A67A84B2B640395008E77D0 /* RouteBuilder.swift in Sources */ = {isa = PBXBuildFile; fileRef = 1A67A7DD2B628703008E77D0 /* RouteBuilder.swift */; };
		1A67A84C2B640395008E77D0 /* Connection.swift in Sources */ = {isa = PBXBuildFile; fileRef = 1A67A7D72B627E7F008E77D0 /* Connection.swift */; };
		1A67A84D2B640395008E77D0 /* Place.swift in Sources */ = {isa = PBXBuildFile; fileRef = 1A67A7D52B627E2A008E77D0 /* Place.swift */; };
		1A67A86C2B643A04008E77D0 /* ConnectionLoader.swift in Sources */ = {isa = PBXBuildFile; fileRef = 1A67A86B2B643A04008E77D0 /* ConnectionLoader.swift */; };
		1A67A86D2B643A04008E77D0 /* ConnectionLoader.swift in Sources */ = {isa = PBXBuildFile; fileRef = 1A67A86B2B643A04008E77D0 /* ConnectionLoader.swift */; };
		1A67A8702B643B7D008E77D0 /* ConnectionLoaderImpl.swift in Sources */ = {isa = PBXBuildFile; fileRef = 1A67A86F2B643B7D008E77D0 /* ConnectionLoaderImpl.swift */; };
		1A67A8712B643B7D008E77D0 /* ConnectionLoaderImpl.swift in Sources */ = {isa = PBXBuildFile; fileRef = 1A67A86F2B643B7D008E77D0 /* ConnectionLoaderImpl.swift */; };
		1A67A8732B643FFA008E77D0 /* ConnectionLoaderTests.swift in Sources */ = {isa = PBXBuildFile; fileRef = 1A67A8722B643FFA008E77D0 /* ConnectionLoaderTests.swift */; };
		1A67A8762B644609008E77D0 /* DataSourceStub.swift in Sources */ = {isa = PBXBuildFile; fileRef = 1A67A8752B644609008E77D0 /* DataSourceStub.swift */; };
		1A67A8782B644660008E77D0 /* ConnectionDecoderStub.swift in Sources */ = {isa = PBXBuildFile; fileRef = 1A67A8772B644660008E77D0 /* ConnectionDecoderStub.swift */; };
		1A67A87A2B64469C008E77D0 /* MetadataProviderStub.swift in Sources */ = {isa = PBXBuildFile; fileRef = 1A67A8792B64469C008E77D0 /* MetadataProviderStub.swift */; };
		1A67A87C2B645088008E77D0 /* Connection+Extension.swift in Sources */ = {isa = PBXBuildFile; fileRef = 1A67A87B2B645088008E77D0 /* Connection+Extension.swift */; };
		1A67A87E2B6450D3008E77D0 /* ConnectionMetadata+Extension.swift in Sources */ = {isa = PBXBuildFile; fileRef = 1A67A87D2B6450D3008E77D0 /* ConnectionMetadata+Extension.swift */; };
		1A67A8802B64510A008E77D0 /* TestError.swift in Sources */ = {isa = PBXBuildFile; fileRef = 1A67A87F2B64510A008E77D0 /* TestError.swift */; };
		1A67A8822B645161008E77D0 /* XCTestCase+Connection.swift in Sources */ = {isa = PBXBuildFile; fileRef = 1A67A8812B645161008E77D0 /* XCTestCase+Connection.swift */; };
		1A67A8842B6451C4008E77D0 /* XCTestCase+ConnectionMetadata.swift in Sources */ = {isa = PBXBuildFile; fileRef = 1A67A8832B6451C4008E77D0 /* XCTestCase+ConnectionMetadata.swift */; };
		1A67A8862B645215008E77D0 /* ConnectionLoaderTests+Extension.swift in Sources */ = {isa = PBXBuildFile; fileRef = 1A67A8852B645215008E77D0 /* ConnectionLoaderTests+Extension.swift */; };
		1A67A8882B6452B8008E77D0 /* URLSession+Extension.swift in Sources */ = {isa = PBXBuildFile; fileRef = 1A67A8872B6452B8008E77D0 /* URLSession+Extension.swift */; };
/* End PBXBuildFile section */

/* Begin PBXContainerItemProxy section */
		1A67A7C42B627D37008E77D0 /* PBXContainerItemProxy */ = {
			isa = PBXContainerItemProxy;
			containerPortal = 1A67A7B12B627D37008E77D0 /* Project object */;
			proxyType = 1;
			remoteGlobalIDString = 1A67A7B92B627D37008E77D0;
			remoteInfo = TripPlannerCore;
		};
/* End PBXContainerItemProxy section */

/* Begin PBXFileReference section */
		1A67A7BA2B627D37008E77D0 /* TripPlannerCore.framework */ = {isa = PBXFileReference; explicitFileType = wrapper.framework; includeInIndex = 0; path = TripPlannerCore.framework; sourceTree = BUILT_PRODUCTS_DIR; };
		1A67A7C22B627D37008E77D0 /* TripPlannerCoreTests.xctest */ = {isa = PBXFileReference; explicitFileType = wrapper.cfbundle; includeInIndex = 0; path = TripPlannerCoreTests.xctest; sourceTree = BUILT_PRODUCTS_DIR; };
		1A67A7D32B627DCE008E77D0 /* Coordinate.swift */ = {isa = PBXFileReference; lastKnownFileType = sourcecode.swift; path = Coordinate.swift; sourceTree = "<group>"; };
		1A67A7D52B627E2A008E77D0 /* Place.swift */ = {isa = PBXFileReference; lastKnownFileType = sourcecode.swift; path = Place.swift; sourceTree = "<group>"; };
		1A67A7D72B627E7F008E77D0 /* Connection.swift */ = {isa = PBXFileReference; lastKnownFileType = sourcecode.swift; path = Connection.swift; sourceTree = "<group>"; };
		1A67A7DB2B62845D008E77D0 /* PriceCalculator.swift */ = {isa = PBXFileReference; lastKnownFileType = sourcecode.swift; path = PriceCalculator.swift; sourceTree = "<group>"; };
		1A67A7DD2B628703008E77D0 /* RouteBuilder.swift */ = {isa = PBXFileReference; lastKnownFileType = sourcecode.swift; path = RouteBuilder.swift; sourceTree = "<group>"; };
		1A67A7DF2B62916F008E77D0 /* RouteBuilderTests.swift */ = {isa = PBXFileReference; lastKnownFileType = sourcecode.swift; path = RouteBuilderTests.swift; sourceTree = "<group>"; };
		1A67A7E22B6296E4008E77D0 /* XCTestCase+Extension.swift */ = {isa = PBXFileReference; lastKnownFileType = sourcecode.swift; path = "XCTestCase+Extension.swift"; sourceTree = "<group>"; };
		1A67A7E72B62B7C3008E77D0 /* DijkstrasRouteBuilder.swift */ = {isa = PBXFileReference; lastKnownFileType = sourcecode.swift; path = DijkstrasRouteBuilder.swift; sourceTree = "<group>"; };
		1A67A7E92B62B80E008E77D0 /* RouteBuilderError.swift */ = {isa = PBXFileReference; lastKnownFileType = sourcecode.swift; path = RouteBuilderError.swift; sourceTree = "<group>"; };
		1A67A7ED2B62B8DA008E77D0 /* Route+Extension.swift */ = {isa = PBXFileReference; lastKnownFileType = sourcecode.swift; path = "Route+Extension.swift"; sourceTree = "<group>"; };
		1A67A7F02B62DDF3008E77D0 /* Sequence+Extension.swift */ = {isa = PBXFileReference; lastKnownFileType = sourcecode.swift; path = "Sequence+Extension.swift"; sourceTree = "<group>"; };
		1A67A7F42B63CC60008E77D0 /* Route.swift */ = {isa = PBXFileReference; lastKnownFileType = sourcecode.swift; path = Route.swift; sourceTree = "<group>"; };
		1A67A7F72B63CF01008E77D0 /* TripPlanner.swift */ = {isa = PBXFileReference; lastKnownFileType = sourcecode.swift; path = TripPlanner.swift; sourceTree = "<group>"; };
		1A67A7F92B63D9F3008E77D0 /* TripPlannerImpl.swift */ = {isa = PBXFileReference; lastKnownFileType = sourcecode.swift; path = TripPlannerImpl.swift; sourceTree = "<group>"; };
		1A67A7FB2B63DA58008E77D0 /* TripPlannerTests.swift */ = {isa = PBXFileReference; lastKnownFileType = sourcecode.swift; path = TripPlannerTests.swift; sourceTree = "<group>"; };
		1A67A7FD2B63FBCE008E77D0 /* XCTestCase+Places.swift */ = {isa = PBXFileReference; lastKnownFileType = sourcecode.swift; path = "XCTestCase+Places.swift"; sourceTree = "<group>"; };
		1A67A7FF2B63FC2B008E77D0 /* XCTestCase+Coordinates.swift */ = {isa = PBXFileReference; lastKnownFileType = sourcecode.swift; path = "XCTestCase+Coordinates.swift"; sourceTree = "<group>"; };
		1A67A8012B63FC6A008E77D0 /* Coordinate+Extension.swift */ = {isa = PBXFileReference; lastKnownFileType = sourcecode.swift; path = "Coordinate+Extension.swift"; sourceTree = "<group>"; };
		1A67A8032B63FCA0008E77D0 /* PresentableRoute+Extension.swift */ = {isa = PBXFileReference; lastKnownFileType = sourcecode.swift; path = "PresentableRoute+Extension.swift"; sourceTree = "<group>"; };
		1A67A8052B63FCD4008E77D0 /* RouteTag+Extension.swift */ = {isa = PBXFileReference; lastKnownFileType = sourcecode.swift; path = "RouteTag+Extension.swift"; sourceTree = "<group>"; };
		1A67A8072B63FF70008E77D0 /* Root.swift */ = {isa = PBXFileReference; lastKnownFileType = sourcecode.swift; path = Root.swift; sourceTree = "<group>"; };
		1A67A8532B640395008E77D0 /* TripPlannerCore.framework */ = {isa = PBXFileReference; explicitFileType = wrapper.framework; includeInIndex = 0; path = TripPlannerCore.framework; sourceTree = BUILT_PRODUCTS_DIR; };
		1A67A8592B640552008E77D0 /* Info.plist */ = {isa = PBXFileReference; lastKnownFileType = text.plist.xml; path = Info.plist; sourceTree = "<group>"; };
		1A67A86B2B643A04008E77D0 /* ConnectionLoader.swift */ = {isa = PBXFileReference; lastKnownFileType = sourcecode.swift; path = ConnectionLoader.swift; sourceTree = "<group>"; };
		1A67A86F2B643B7D008E77D0 /* ConnectionLoaderImpl.swift */ = {isa = PBXFileReference; lastKnownFileType = sourcecode.swift; path = ConnectionLoaderImpl.swift; sourceTree = "<group>"; };
		1A67A8722B643FFA008E77D0 /* ConnectionLoaderTests.swift */ = {isa = PBXFileReference; lastKnownFileType = sourcecode.swift; path = ConnectionLoaderTests.swift; sourceTree = "<group>"; };
		1A67A8752B644609008E77D0 /* DataSourceStub.swift */ = {isa = PBXFileReference; lastKnownFileType = sourcecode.swift; path = DataSourceStub.swift; sourceTree = "<group>"; };
		1A67A8772B644660008E77D0 /* ConnectionDecoderStub.swift */ = {isa = PBXFileReference; lastKnownFileType = sourcecode.swift; path = ConnectionDecoderStub.swift; sourceTree = "<group>"; };
		1A67A8792B64469C008E77D0 /* MetadataProviderStub.swift */ = {isa = PBXFileReference; lastKnownFileType = sourcecode.swift; path = MetadataProviderStub.swift; sourceTree = "<group>"; };
		1A67A87B2B645088008E77D0 /* Connection+Extension.swift */ = {isa = PBXFileReference; lastKnownFileType = sourcecode.swift; path = "Connection+Extension.swift"; sourceTree = "<group>"; };
		1A67A87D2B6450D3008E77D0 /* ConnectionMetadata+Extension.swift */ = {isa = PBXFileReference; lastKnownFileType = sourcecode.swift; path = "ConnectionMetadata+Extension.swift"; sourceTree = "<group>"; };
		1A67A87F2B64510A008E77D0 /* TestError.swift */ = {isa = PBXFileReference; lastKnownFileType = sourcecode.swift; path = TestError.swift; sourceTree = "<group>"; };
		1A67A8812B645161008E77D0 /* XCTestCase+Connection.swift */ = {isa = PBXFileReference; lastKnownFileType = sourcecode.swift; path = "XCTestCase+Connection.swift"; sourceTree = "<group>"; };
		1A67A8832B6451C4008E77D0 /* XCTestCase+ConnectionMetadata.swift */ = {isa = PBXFileReference; lastKnownFileType = sourcecode.swift; path = "XCTestCase+ConnectionMetadata.swift"; sourceTree = "<group>"; };
		1A67A8852B645215008E77D0 /* ConnectionLoaderTests+Extension.swift */ = {isa = PBXFileReference; lastKnownFileType = sourcecode.swift; path = "ConnectionLoaderTests+Extension.swift"; sourceTree = "<group>"; };
		1A67A8872B6452B8008E77D0 /* URLSession+Extension.swift */ = {isa = PBXFileReference; lastKnownFileType = sourcecode.swift; path = "URLSession+Extension.swift"; sourceTree = "<group>"; };
/* End PBXFileReference section */

/* Begin PBXFrameworksBuildPhase section */
		1A67A7B72B627D37008E77D0 /* Frameworks */ = {
			isa = PBXFrameworksBuildPhase;
			buildActionMask = 2147483647;
			files = (
			);
			runOnlyForDeploymentPostprocessing = 0;
		};
		1A67A7BF2B627D37008E77D0 /* Frameworks */ = {
			isa = PBXFrameworksBuildPhase;
			buildActionMask = 2147483647;
			files = (
				1A67A7C32B627D37008E77D0 /* TripPlannerCore.framework in Frameworks */,
			);
			runOnlyForDeploymentPostprocessing = 0;
		};
		1A67A84E2B640395008E77D0 /* Frameworks */ = {
			isa = PBXFrameworksBuildPhase;
			buildActionMask = 2147483647;
			files = (
			);
			runOnlyForDeploymentPostprocessing = 0;
		};
/* End PBXFrameworksBuildPhase section */

/* Begin PBXGroup section */
		1A67A7B02B627D37008E77D0 = {
			isa = PBXGroup;
			children = (
				1A67A7BC2B627D37008E77D0 /* TripPlannerCore */,
				1A67A7C62B627D37008E77D0 /* TripPlannerCoreTests */,
				1A67A7BB2B627D37008E77D0 /* Products */,
			);
			sourceTree = "<group>";
		};
		1A67A7BB2B627D37008E77D0 /* Products */ = {
			isa = PBXGroup;
			children = (
				1A67A7BA2B627D37008E77D0 /* TripPlannerCore.framework */,
				1A67A7C22B627D37008E77D0 /* TripPlannerCoreTests.xctest */,
				1A67A8532B640395008E77D0 /* TripPlannerCore.framework */,
			);
			name = Products;
			sourceTree = "<group>";
		};
		1A67A7BC2B627D37008E77D0 /* TripPlannerCore */ = {
			isa = PBXGroup;
			children = (
				1A67A7F62B63CEDC008E77D0 /* Public Interface */,
				1A67A7E42B62B76B008E77D0 /* RouteBuilder */,
				1A67A7D22B627D89008E77D0 /* Model */,
				1A67A86A2B643914008E77D0 /* ConnectionLoader */,
				1A67A7EF2B62DDE3008E77D0 /* Utils */,
				1A67A7DB2B62845D008E77D0 /* PriceCalculator.swift */,
				1A67A7F92B63D9F3008E77D0 /* TripPlannerImpl.swift */,
				1A67A8592B640552008E77D0 /* Info.plist */,
			);
			path = TripPlannerCore;
			sourceTree = "<group>";
		};
		1A67A7C62B627D37008E77D0 /* TripPlannerCoreTests */ = {
			isa = PBXGroup;
			children = (
				1A67A7DF2B62916F008E77D0 /* RouteBuilderTests.swift */,
				1A67A7FB2B63DA58008E77D0 /* TripPlannerTests.swift */,
				1A67A8722B643FFA008E77D0 /* ConnectionLoaderTests.swift */,
				1A67A7E12B6296D7008E77D0 /* Utils */,
			);
			path = TripPlannerCoreTests;
			sourceTree = "<group>";
		};
		1A67A7D22B627D89008E77D0 /* Model */ = {
			isa = PBXGroup;
			children = (
				1A67A7D32B627DCE008E77D0 /* Coordinate.swift */,
				1A67A7D52B627E2A008E77D0 /* Place.swift */,
				1A67A7D72B627E7F008E77D0 /* Connection.swift */,
			);
			path = Model;
			sourceTree = "<group>";
		};
		1A67A7E12B6296D7008E77D0 /* Utils */ = {
			isa = PBXGroup;
			children = (
				1A67A8742B644538008E77D0 /* XCTestCase */,
				1A67A7ED2B62B8DA008E77D0 /* Route+Extension.swift */,
				1A67A8012B63FC6A008E77D0 /* Coordinate+Extension.swift */,
				1A67A8032B63FCA0008E77D0 /* PresentableRoute+Extension.swift */,
				1A67A8052B63FCD4008E77D0 /* RouteTag+Extension.swift */,
				1A67A8752B644609008E77D0 /* DataSourceStub.swift */,
				1A67A8772B644660008E77D0 /* ConnectionDecoderStub.swift */,
				1A67A8792B64469C008E77D0 /* MetadataProviderStub.swift */,
				1A67A87B2B645088008E77D0 /* Connection+Extension.swift */,
				1A67A87D2B6450D3008E77D0 /* ConnectionMetadata+Extension.swift */,
				1A67A87F2B64510A008E77D0 /* TestError.swift */,
				1A67A8852B645215008E77D0 /* ConnectionLoaderTests+Extension.swift */,
			);
			path = Utils;
			sourceTree = "<group>";
		};
		1A67A7E42B62B76B008E77D0 /* RouteBuilder */ = {
			isa = PBXGroup;
			children = (
				1A67A7DD2B628703008E77D0 /* RouteBuilder.swift */,
				1A67A7E62B62B790008E77D0 /* Impl */,
				1A67A7E92B62B80E008E77D0 /* RouteBuilderError.swift */,
				1A67A7F42B63CC60008E77D0 /* Route.swift */,
			);
			path = RouteBuilder;
			sourceTree = "<group>";
		};
		1A67A7E62B62B790008E77D0 /* Impl */ = {
			isa = PBXGroup;
			children = (
				1A67A7E72B62B7C3008E77D0 /* DijkstrasRouteBuilder.swift */,
			);
			path = Impl;
			sourceTree = "<group>";
		};
		1A67A7EF2B62DDE3008E77D0 /* Utils */ = {
			isa = PBXGroup;
			children = (
				1A67A7F02B62DDF3008E77D0 /* Sequence+Extension.swift */,
			);
			path = Utils;
			sourceTree = "<group>";
		};
		1A67A7F62B63CEDC008E77D0 /* Public Interface */ = {
			isa = PBXGroup;
			children = (
				1A67A7F72B63CF01008E77D0 /* TripPlanner.swift */,
				1A67A8072B63FF70008E77D0 /* Root.swift */,
			);
			path = "Public Interface";
			sourceTree = "<group>";
		};
		1A67A86A2B643914008E77D0 /* ConnectionLoader */ = {
			isa = PBXGroup;
			children = (
				1A67A86B2B643A04008E77D0 /* ConnectionLoader.swift */,
				1A67A86E2B643B31008E77D0 /* Impl */,
			);
			path = ConnectionLoader;
			sourceTree = "<group>";
		};
		1A67A86E2B643B31008E77D0 /* Impl */ = {
			isa = PBXGroup;
			children = (
				1A67A86F2B643B7D008E77D0 /* ConnectionLoaderImpl.swift */,
				1A67A8872B6452B8008E77D0 /* URLSession+Extension.swift */,
			);
			path = Impl;
			sourceTree = "<group>";
		};
		1A67A8742B644538008E77D0 /* XCTestCase */ = {
			isa = PBXGroup;
			children = (
				1A67A7E22B6296E4008E77D0 /* XCTestCase+Extension.swift */,
				1A67A7FD2B63FBCE008E77D0 /* XCTestCase+Places.swift */,
				1A67A7FF2B63FC2B008E77D0 /* XCTestCase+Coordinates.swift */,
				1A67A8812B645161008E77D0 /* XCTestCase+Connection.swift */,
				1A67A8832B6451C4008E77D0 /* XCTestCase+ConnectionMetadata.swift */,
			);
			path = XCTestCase;
			sourceTree = "<group>";
		};
/* End PBXGroup section */

/* Begin PBXHeadersBuildPhase section */
		1A67A7B52B627D37008E77D0 /* Headers */ = {
			isa = PBXHeadersBuildPhase;
			buildActionMask = 2147483647;
			files = (
			);
			runOnlyForDeploymentPostprocessing = 0;
		};
		1A67A8402B640395008E77D0 /* Headers */ = {
			isa = PBXHeadersBuildPhase;
			buildActionMask = 2147483647;
			files = (
			);
			runOnlyForDeploymentPostprocessing = 0;
		};
/* End PBXHeadersBuildPhase section */

/* Begin PBXNativeTarget section */
		1A67A7B92B627D37008E77D0 /* TripPlannerCore */ = {
			isa = PBXNativeTarget;
			buildConfigurationList = 1A67A7CC2B627D37008E77D0 /* Build configuration list for PBXNativeTarget "TripPlannerCore" */;
			buildPhases = (
				1A67A7B52B627D37008E77D0 /* Headers */,
				1A67A7B62B627D37008E77D0 /* Sources */,
				1A67A7B72B627D37008E77D0 /* Frameworks */,
				1A67A7B82B627D37008E77D0 /* Resources */,
			);
			buildRules = (
			);
			dependencies = (
			);
			name = TripPlannerCore;
			productName = TripPlannerCore;
			productReference = 1A67A7BA2B627D37008E77D0 /* TripPlannerCore.framework */;
			productType = "com.apple.product-type.framework";
		};
		1A67A7C12B627D37008E77D0 /* TripPlannerCoreTests */ = {
			isa = PBXNativeTarget;
			buildConfigurationList = 1A67A7CF2B627D37008E77D0 /* Build configuration list for PBXNativeTarget "TripPlannerCoreTests" */;
			buildPhases = (
				1A67A7BE2B627D37008E77D0 /* Sources */,
				1A67A7BF2B627D37008E77D0 /* Frameworks */,
				1A67A7C02B627D37008E77D0 /* Resources */,
			);
			buildRules = (
			);
			dependencies = (
				1A67A7C52B627D37008E77D0 /* PBXTargetDependency */,
			);
			name = TripPlannerCoreTests;
			productName = TripPlannerCoreTests;
			productReference = 1A67A7C22B627D37008E77D0 /* TripPlannerCoreTests.xctest */;
			productType = "com.apple.product-type.bundle.unit-test";
		};
		1A67A83F2B640395008E77D0 /* TripPlannerCore_iOS */ = {
			isa = PBXNativeTarget;
			buildConfigurationList = 1A67A8502B640395008E77D0 /* Build configuration list for PBXNativeTarget "TripPlannerCore_iOS" */;
			buildPhases = (
				1A67A8402B640395008E77D0 /* Headers */,
				1A67A8412B640395008E77D0 /* Sources */,
				1A67A84E2B640395008E77D0 /* Frameworks */,
				1A67A84F2B640395008E77D0 /* Resources */,
			);
			buildRules = (
			);
			dependencies = (
			);
			name = TripPlannerCore_iOS;
			productName = TripPlannerCore;
			productReference = 1A67A8532B640395008E77D0 /* TripPlannerCore.framework */;
			productType = "com.apple.product-type.framework";
		};
/* End PBXNativeTarget section */

/* Begin PBXProject section */
		1A67A7B12B627D37008E77D0 /* Project object */ = {
			isa = PBXProject;
			attributes = {
				BuildIndependentTargetsInParallel = 1;
				LastSwiftUpdateCheck = 1500;
				LastUpgradeCheck = 1500;
				TargetAttributes = {
					1A67A7B92B627D37008E77D0 = {
						CreatedOnToolsVersion = 15.0.1;
						LastSwiftMigration = 1500;
					};
					1A67A7C12B627D37008E77D0 = {
						CreatedOnToolsVersion = 15.0.1;
						LastSwiftMigration = 1500;
					};
				};
			};
			buildConfigurationList = 1A67A7B42B627D37008E77D0 /* Build configuration list for PBXProject "TripPlannerCore" */;
			compatibilityVersion = "Xcode 14.0";
			developmentRegion = en;
			hasScannedForEncodings = 0;
			knownRegions = (
				en,
				Base,
			);
			mainGroup = 1A67A7B02B627D37008E77D0;
			productRefGroup = 1A67A7BB2B627D37008E77D0 /* Products */;
			projectDirPath = "";
			projectRoot = "";
			targets = (
				1A67A7B92B627D37008E77D0 /* TripPlannerCore */,
				1A67A7C12B627D37008E77D0 /* TripPlannerCoreTests */,
				1A67A83F2B640395008E77D0 /* TripPlannerCore_iOS */,
			);
		};
/* End PBXProject section */

/* Begin PBXResourcesBuildPhase section */
		1A67A7B82B627D37008E77D0 /* Resources */ = {
			isa = PBXResourcesBuildPhase;
			buildActionMask = 2147483647;
			files = (
			);
			runOnlyForDeploymentPostprocessing = 0;
		};
		1A67A7C02B627D37008E77D0 /* Resources */ = {
			isa = PBXResourcesBuildPhase;
			buildActionMask = 2147483647;
			files = (
			);
			runOnlyForDeploymentPostprocessing = 0;
		};
		1A67A84F2B640395008E77D0 /* Resources */ = {
			isa = PBXResourcesBuildPhase;
			buildActionMask = 2147483647;
			files = (
			);
			runOnlyForDeploymentPostprocessing = 0;
		};
/* End PBXResourcesBuildPhase section */

/* Begin PBXSourcesBuildPhase section */
		1A67A7B62B627D37008E77D0 /* Sources */ = {
			isa = PBXSourcesBuildPhase;
			buildActionMask = 2147483647;
			files = (
				1A67A8702B643B7D008E77D0 /* ConnectionLoaderImpl.swift in Sources */,
				1A67A7F52B63CC60008E77D0 /* Route.swift in Sources */,
				1A67A86C2B643A04008E77D0 /* ConnectionLoader.swift in Sources */,
				1A67A7D42B627DCE008E77D0 /* Coordinate.swift in Sources */,
				1A67A7EA2B62B80E008E77D0 /* RouteBuilderError.swift in Sources */,
				1A67A7F82B63CF01008E77D0 /* TripPlanner.swift in Sources */,
				1A67A7E82B62B7C3008E77D0 /* DijkstrasRouteBuilder.swift in Sources */,
				1A67A8082B63FF70008E77D0 /* Root.swift in Sources */,
				1A67A7DC2B62845D008E77D0 /* PriceCalculator.swift in Sources */,
				1A67A7FA2B63D9F3008E77D0 /* TripPlannerImpl.swift in Sources */,
				1A67A7F12B62DDF3008E77D0 /* Sequence+Extension.swift in Sources */,
				1A67A8882B6452B8008E77D0 /* URLSession+Extension.swift in Sources */,
				1A67A7DE2B628703008E77D0 /* RouteBuilder.swift in Sources */,
				1A67A7D82B627E7F008E77D0 /* Connection.swift in Sources */,
				1A67A7D62B627E2A008E77D0 /* Place.swift in Sources */,
			);
			runOnlyForDeploymentPostprocessing = 0;
		};
		1A67A7BE2B627D37008E77D0 /* Sources */ = {
			isa = PBXSourcesBuildPhase;
			buildActionMask = 2147483647;
			files = (
				1A67A7E32B6296E4008E77D0 /* XCTestCase+Extension.swift in Sources */,
				1A67A8822B645161008E77D0 /* XCTestCase+Connection.swift in Sources */,
				1A67A8042B63FCA0008E77D0 /* PresentableRoute+Extension.swift in Sources */,
				1A67A8062B63FCD4008E77D0 /* RouteTag+Extension.swift in Sources */,
				1A67A87E2B6450D3008E77D0 /* ConnectionMetadata+Extension.swift in Sources */,
				1A67A8802B64510A008E77D0 /* TestError.swift in Sources */,
				1A67A8862B645215008E77D0 /* ConnectionLoaderTests+Extension.swift in Sources */,
				1A67A87C2B645088008E77D0 /* Connection+Extension.swift in Sources */,
				1A67A7E02B62916F008E77D0 /* RouteBuilderTests.swift in Sources */,
				1A67A8762B644609008E77D0 /* DataSourceStub.swift in Sources */,
				1A67A7FE2B63FBCE008E77D0 /* XCTestCase+Places.swift in Sources */,
				1A67A8782B644660008E77D0 /* ConnectionDecoderStub.swift in Sources */,
				1A67A8002B63FC2B008E77D0 /* XCTestCase+Coordinates.swift in Sources */,
				1A67A87A2B64469C008E77D0 /* MetadataProviderStub.swift in Sources */,
				1A67A8732B643FFA008E77D0 /* ConnectionLoaderTests.swift in Sources */,
				1A67A8022B63FC6A008E77D0 /* Coordinate+Extension.swift in Sources */,
				1A67A8842B6451C4008E77D0 /* XCTestCase+ConnectionMetadata.swift in Sources */,
				1A67A7FC2B63DA58008E77D0 /* TripPlannerTests.swift in Sources */,
				1A67A7EE2B62B8DA008E77D0 /* Route+Extension.swift in Sources */,
			);
			runOnlyForDeploymentPostprocessing = 0;
		};
		1A67A8412B640395008E77D0 /* Sources */ = {
			isa = PBXSourcesBuildPhase;
			buildActionMask = 2147483647;
			files = (
				1A67A8712B643B7D008E77D0 /* ConnectionLoaderImpl.swift in Sources */,
				1A67A8422B640395008E77D0 /* Route.swift in Sources */,
				1A67A86D2B643A04008E77D0 /* ConnectionLoader.swift in Sources */,
				1A67A8432B640395008E77D0 /* Coordinate.swift in Sources */,
				1A67A8442B640395008E77D0 /* RouteBuilderError.swift in Sources */,
				1A67A8452B640395008E77D0 /* TripPlanner.swift in Sources */,
				1A67A8462B640395008E77D0 /* DijkstrasRouteBuilder.swift in Sources */,
				1A67A8472B640395008E77D0 /* Root.swift in Sources */,
				1A67A8482B640395008E77D0 /* PriceCalculator.swift in Sources */,
				1A67A8492B640395008E77D0 /* TripPlannerImpl.swift in Sources */,
				1A67A84A2B640395008E77D0 /* Sequence+Extension.swift in Sources */,
				1A67A84B2B640395008E77D0 /* RouteBuilder.swift in Sources */,
				1A67A84C2B640395008E77D0 /* Connection.swift in Sources */,
				1A67A84D2B640395008E77D0 /* Place.swift in Sources */,
			);
			runOnlyForDeploymentPostprocessing = 0;
		};
/* End PBXSourcesBuildPhase section */

/* Begin PBXTargetDependency section */
		1A67A7C52B627D37008E77D0 /* PBXTargetDependency */ = {
			isa = PBXTargetDependency;
			target = 1A67A7B92B627D37008E77D0 /* TripPlannerCore */;
			targetProxy = 1A67A7C42B627D37008E77D0 /* PBXContainerItemProxy */;
		};
/* End PBXTargetDependency section */

/* Begin XCBuildConfiguration section */
		1A67A7CA2B627D37008E77D0 /* Debug */ = {
			isa = XCBuildConfiguration;
			buildSettings = {
				ALWAYS_SEARCH_USER_PATHS = NO;
				ASSETCATALOG_COMPILER_GENERATE_SWIFT_ASSET_SYMBOL_EXTENSIONS = YES;
				CLANG_ANALYZER_NONNULL = YES;
				CLANG_ANALYZER_NUMBER_OBJECT_CONVERSION = YES_AGGRESSIVE;
				CLANG_CXX_LANGUAGE_STANDARD = "gnu++20";
				CLANG_ENABLE_MODULES = YES;
				CLANG_ENABLE_OBJC_ARC = YES;
				CLANG_ENABLE_OBJC_WEAK = YES;
				CLANG_WARN_BLOCK_CAPTURE_AUTORELEASING = YES;
				CLANG_WARN_BOOL_CONVERSION = YES;
				CLANG_WARN_COMMA = YES;
				CLANG_WARN_CONSTANT_CONVERSION = YES;
				CLANG_WARN_DEPRECATED_OBJC_IMPLEMENTATIONS = YES;
				CLANG_WARN_DIRECT_OBJC_ISA_USAGE = YES_ERROR;
				CLANG_WARN_DOCUMENTATION_COMMENTS = YES;
				CLANG_WARN_EMPTY_BODY = YES;
				CLANG_WARN_ENUM_CONVERSION = YES;
				CLANG_WARN_INFINITE_RECURSION = YES;
				CLANG_WARN_INT_CONVERSION = YES;
				CLANG_WARN_NON_LITERAL_NULL_CONVERSION = YES;
				CLANG_WARN_OBJC_IMPLICIT_RETAIN_SELF = YES;
				CLANG_WARN_OBJC_LITERAL_CONVERSION = YES;
				CLANG_WARN_OBJC_ROOT_CLASS = YES_ERROR;
				CLANG_WARN_QUOTED_INCLUDE_IN_FRAMEWORK_HEADER = YES;
				CLANG_WARN_RANGE_LOOP_ANALYSIS = YES;
				CLANG_WARN_STRICT_PROTOTYPES = YES;
				CLANG_WARN_SUSPICIOUS_MOVE = YES;
				CLANG_WARN_UNGUARDED_AVAILABILITY = YES_AGGRESSIVE;
				CLANG_WARN_UNREACHABLE_CODE = YES;
				CLANG_WARN__DUPLICATE_METHOD_MATCH = YES;
				COPY_PHASE_STRIP = NO;
				CURRENT_PROJECT_VERSION = 1;
				DEBUG_INFORMATION_FORMAT = dwarf;
				ENABLE_STRICT_OBJC_MSGSEND = YES;
				ENABLE_TESTABILITY = YES;
				ENABLE_USER_SCRIPT_SANDBOXING = YES;
				GCC_C_LANGUAGE_STANDARD = gnu17;
				GCC_DYNAMIC_NO_PIC = NO;
				GCC_NO_COMMON_BLOCKS = YES;
				GCC_OPTIMIZATION_LEVEL = 0;
				GCC_PREPROCESSOR_DEFINITIONS = (
					"DEBUG=1",
					"$(inherited)",
				);
				GCC_WARN_64_TO_32_BIT_CONVERSION = YES;
				GCC_WARN_ABOUT_RETURN_TYPE = YES_ERROR;
				GCC_WARN_UNDECLARED_SELECTOR = YES;
				GCC_WARN_UNINITIALIZED_AUTOS = YES_AGGRESSIVE;
				GCC_WARN_UNUSED_FUNCTION = YES;
				GCC_WARN_UNUSED_VARIABLE = YES;
				LOCALIZATION_PREFERS_STRING_CATALOGS = YES;
				MACOSX_DEPLOYMENT_TARGET = 14.0;
				MTL_ENABLE_DEBUG_INFO = INCLUDE_SOURCE;
				MTL_FAST_MATH = YES;
				ONLY_ACTIVE_ARCH = YES;
				SDKROOT = macosx;
				SWIFT_ACTIVE_COMPILATION_CONDITIONS = "DEBUG $(inherited)";
				SWIFT_OPTIMIZATION_LEVEL = "-Onone";
				VERSIONING_SYSTEM = "apple-generic";
				VERSION_INFO_PREFIX = "";
			};
			name = Debug;
		};
		1A67A7CB2B627D37008E77D0 /* Release */ = {
			isa = XCBuildConfiguration;
			buildSettings = {
				ALWAYS_SEARCH_USER_PATHS = NO;
				ASSETCATALOG_COMPILER_GENERATE_SWIFT_ASSET_SYMBOL_EXTENSIONS = YES;
				CLANG_ANALYZER_NONNULL = YES;
				CLANG_ANALYZER_NUMBER_OBJECT_CONVERSION = YES_AGGRESSIVE;
				CLANG_CXX_LANGUAGE_STANDARD = "gnu++20";
				CLANG_ENABLE_MODULES = YES;
				CLANG_ENABLE_OBJC_ARC = YES;
				CLANG_ENABLE_OBJC_WEAK = YES;
				CLANG_WARN_BLOCK_CAPTURE_AUTORELEASING = YES;
				CLANG_WARN_BOOL_CONVERSION = YES;
				CLANG_WARN_COMMA = YES;
				CLANG_WARN_CONSTANT_CONVERSION = YES;
				CLANG_WARN_DEPRECATED_OBJC_IMPLEMENTATIONS = YES;
				CLANG_WARN_DIRECT_OBJC_ISA_USAGE = YES_ERROR;
				CLANG_WARN_DOCUMENTATION_COMMENTS = YES;
				CLANG_WARN_EMPTY_BODY = YES;
				CLANG_WARN_ENUM_CONVERSION = YES;
				CLANG_WARN_INFINITE_RECURSION = YES;
				CLANG_WARN_INT_CONVERSION = YES;
				CLANG_WARN_NON_LITERAL_NULL_CONVERSION = YES;
				CLANG_WARN_OBJC_IMPLICIT_RETAIN_SELF = YES;
				CLANG_WARN_OBJC_LITERAL_CONVERSION = YES;
				CLANG_WARN_OBJC_ROOT_CLASS = YES_ERROR;
				CLANG_WARN_QUOTED_INCLUDE_IN_FRAMEWORK_HEADER = YES;
				CLANG_WARN_RANGE_LOOP_ANALYSIS = YES;
				CLANG_WARN_STRICT_PROTOTYPES = YES;
				CLANG_WARN_SUSPICIOUS_MOVE = YES;
				CLANG_WARN_UNGUARDED_AVAILABILITY = YES_AGGRESSIVE;
				CLANG_WARN_UNREACHABLE_CODE = YES;
				CLANG_WARN__DUPLICATE_METHOD_MATCH = YES;
				COPY_PHASE_STRIP = NO;
				CURRENT_PROJECT_VERSION = 1;
				DEBUG_INFORMATION_FORMAT = "dwarf-with-dsym";
				ENABLE_NS_ASSERTIONS = NO;
				ENABLE_STRICT_OBJC_MSGSEND = YES;
				ENABLE_USER_SCRIPT_SANDBOXING = YES;
				GCC_C_LANGUAGE_STANDARD = gnu17;
				GCC_NO_COMMON_BLOCKS = YES;
				GCC_WARN_64_TO_32_BIT_CONVERSION = YES;
				GCC_WARN_ABOUT_RETURN_TYPE = YES_ERROR;
				GCC_WARN_UNDECLARED_SELECTOR = YES;
				GCC_WARN_UNINITIALIZED_AUTOS = YES_AGGRESSIVE;
				GCC_WARN_UNUSED_FUNCTION = YES;
				GCC_WARN_UNUSED_VARIABLE = YES;
				LOCALIZATION_PREFERS_STRING_CATALOGS = YES;
				MACOSX_DEPLOYMENT_TARGET = 14.0;
				MTL_ENABLE_DEBUG_INFO = NO;
				MTL_FAST_MATH = YES;
				SDKROOT = macosx;
				SWIFT_COMPILATION_MODE = wholemodule;
				VERSIONING_SYSTEM = "apple-generic";
				VERSION_INFO_PREFIX = "";
			};
			name = Release;
		};
		1A67A7CD2B627D37008E77D0 /* Debug */ = {
			isa = XCBuildConfiguration;
			buildSettings = {
				CLANG_ENABLE_MODULES = YES;
				CODE_SIGN_STYLE = Automatic;
				COMBINE_HIDPI_IMAGES = YES;
				CURRENT_PROJECT_VERSION = 1;
				DEFINES_MODULE = YES;
				DEVELOPMENT_TEAM = Q38BNTDW3C;
				DYLIB_COMPATIBILITY_VERSION = 1;
				DYLIB_CURRENT_VERSION = 1;
				DYLIB_INSTALL_NAME_BASE = "@rpath";
				ENABLE_MODULE_VERIFIER = YES;
				GENERATE_INFOPLIST_FILE = YES;
				INFOPLIST_FILE = TripPlannerCore/Info.plist;
				INFOPLIST_KEY_NSHumanReadableCopyright = "";
				INSTALL_PATH = "$(LOCAL_LIBRARY_DIR)/Frameworks";
				LD_RUNPATH_SEARCH_PATHS = (
					"$(inherited)",
					"@executable_path/../Frameworks",
					"@loader_path/Frameworks",
				);
				MACOSX_DEPLOYMENT_TARGET = 13.0;
				MARKETING_VERSION = 1.0;
				MODULE_VERIFIER_SUPPORTED_LANGUAGES = "objective-c objective-c++";
				MODULE_VERIFIER_SUPPORTED_LANGUAGE_STANDARDS = "gnu17 gnu++20";
				PRODUCT_BUNDLE_IDENTIFIER = com.testorg.TripPlannerCore;
				PRODUCT_NAME = "$(TARGET_NAME:c99extidentifier)";
				SKIP_INSTALL = YES;
				SWIFT_EMIT_LOC_STRINGS = YES;
				SWIFT_OPTIMIZATION_LEVEL = "-Onone";
				SWIFT_VERSION = 5.0;
			};
			name = Debug;
		};
		1A67A7CE2B627D37008E77D0 /* Release */ = {
			isa = XCBuildConfiguration;
			buildSettings = {
				CLANG_ENABLE_MODULES = YES;
				CODE_SIGN_STYLE = Automatic;
				COMBINE_HIDPI_IMAGES = YES;
				CURRENT_PROJECT_VERSION = 1;
				DEFINES_MODULE = YES;
				DEVELOPMENT_TEAM = Q38BNTDW3C;
				DYLIB_COMPATIBILITY_VERSION = 1;
				DYLIB_CURRENT_VERSION = 1;
				DYLIB_INSTALL_NAME_BASE = "@rpath";
				ENABLE_MODULE_VERIFIER = YES;
				GENERATE_INFOPLIST_FILE = YES;
				INFOPLIST_FILE = TripPlannerCore/Info.plist;
				INFOPLIST_KEY_NSHumanReadableCopyright = "";
				INSTALL_PATH = "$(LOCAL_LIBRARY_DIR)/Frameworks";
				LD_RUNPATH_SEARCH_PATHS = (
					"$(inherited)",
					"@executable_path/../Frameworks",
					"@loader_path/Frameworks",
				);
				MACOSX_DEPLOYMENT_TARGET = 13.0;
				MARKETING_VERSION = 1.0;
				MODULE_VERIFIER_SUPPORTED_LANGUAGES = "objective-c objective-c++";
				MODULE_VERIFIER_SUPPORTED_LANGUAGE_STANDARDS = "gnu17 gnu++20";
				PRODUCT_BUNDLE_IDENTIFIER = com.testorg.TripPlannerCore;
				PRODUCT_NAME = "$(TARGET_NAME:c99extidentifier)";
				SKIP_INSTALL = YES;
				SWIFT_EMIT_LOC_STRINGS = YES;
				SWIFT_VERSION = 5.0;
			};
			name = Release;
		};
		1A67A7D02B627D37008E77D0 /* Debug */ = {
			isa = XCBuildConfiguration;
			buildSettings = {
				ALWAYS_EMBED_SWIFT_STANDARD_LIBRARIES = YES;
				CLANG_ENABLE_MODULES = YES;
				CODE_SIGN_STYLE = Automatic;
				CURRENT_PROJECT_VERSION = 1;
				DEVELOPMENT_TEAM = Q38BNTDW3C;
				GENERATE_INFOPLIST_FILE = YES;
				MARKETING_VERSION = 1.0;
				PRODUCT_BUNDLE_IDENTIFIER = com.testorg.TripPlannerCoreTests;
				PRODUCT_NAME = "$(TARGET_NAME)";
				SWIFT_EMIT_LOC_STRINGS = NO;
				SWIFT_OPTIMIZATION_LEVEL = "-Onone";
				SWIFT_VERSION = 5.0;
			};
			name = Debug;
		};
		1A67A7D12B627D37008E77D0 /* Release */ = {
			isa = XCBuildConfiguration;
			buildSettings = {
				ALWAYS_EMBED_SWIFT_STANDARD_LIBRARIES = YES;
				CLANG_ENABLE_MODULES = YES;
				CODE_SIGN_STYLE = Automatic;
				CURRENT_PROJECT_VERSION = 1;
				DEVELOPMENT_TEAM = Q38BNTDW3C;
				GENERATE_INFOPLIST_FILE = YES;
				MARKETING_VERSION = 1.0;
				PRODUCT_BUNDLE_IDENTIFIER = com.testorg.TripPlannerCoreTests;
				PRODUCT_NAME = "$(TARGET_NAME)";
				SWIFT_EMIT_LOC_STRINGS = NO;
				SWIFT_VERSION = 5.0;
			};
			name = Release;
		};
		1A67A8512B640395008E77D0 /* Debug */ = {
			isa = XCBuildConfiguration;
			buildSettings = {
				CLANG_ENABLE_MODULES = YES;
				CODE_SIGN_STYLE = Automatic;
				COMBINE_HIDPI_IMAGES = YES;
				CURRENT_PROJECT_VERSION = 1;
				DEFINES_MODULE = YES;
				DEVELOPMENT_TEAM = Q38BNTDW3C;
				DYLIB_COMPATIBILITY_VERSION = 1;
				DYLIB_CURRENT_VERSION = 1;
				DYLIB_INSTALL_NAME_BASE = "@rpath";
				ENABLE_MODULE_VERIFIER = YES;
				GENERATE_INFOPLIST_FILE = YES;
				INFOPLIST_FILE = TripPlannerCore/Info.plist;
				INFOPLIST_KEY_NSHumanReadableCopyright = "";
				INSTALL_PATH = "$(LOCAL_LIBRARY_DIR)/Frameworks";
				IPHONEOS_DEPLOYMENT_TARGET = 16.0;
				LD_RUNPATH_SEARCH_PATHS = (
					"$(inherited)",
					"@executable_path/../Frameworks",
					"@loader_path/Frameworks",
				);
				MACOSX_DEPLOYMENT_TARGET = 13.0;
				MARKETING_VERSION = 1.0;
				MODULE_VERIFIER_SUPPORTED_LANGUAGES = "objective-c objective-c++";
				MODULE_VERIFIER_SUPPORTED_LANGUAGE_STANDARDS = "gnu17 gnu++20";
				PRODUCT_BUNDLE_IDENTIFIER = com.testorg.TripPlannerCore;
				PRODUCT_MODULE_NAME = TripPlannerCore;
				PRODUCT_NAME = TripPlannerCore;
				SKIP_INSTALL = YES;
				SUPPORTED_PLATFORMS = "iphoneos iphonesimulator";
				SUPPORTS_MACCATALYST = NO;
				SWIFT_EMIT_LOC_STRINGS = YES;
				SWIFT_OPTIMIZATION_LEVEL = "-Onone";
				SWIFT_VERSION = 5.0;
				TARGETED_DEVICE_FAMILY = "1,2";
			};
			name = Debug;
		};
		1A67A8522B640395008E77D0 /* Release */ = {
			isa = XCBuildConfiguration;
			buildSettings = {
				CLANG_ENABLE_MODULES = YES;
				CODE_SIGN_STYLE = Automatic;
				COMBINE_HIDPI_IMAGES = YES;
				CURRENT_PROJECT_VERSION = 1;
				DEFINES_MODULE = YES;
				DEVELOPMENT_TEAM = Q38BNTDW3C;
				DYLIB_COMPATIBILITY_VERSION = 1;
				DYLIB_CURRENT_VERSION = 1;
				DYLIB_INSTALL_NAME_BASE = "@rpath";
				ENABLE_MODULE_VERIFIER = YES;
				GENERATE_INFOPLIST_FILE = YES;
				INFOPLIST_FILE = TripPlannerCore/Info.plist;
				INFOPLIST_KEY_NSHumanReadableCopyright = "";
				INSTALL_PATH = "$(LOCAL_LIBRARY_DIR)/Frameworks";
				IPHONEOS_DEPLOYMENT_TARGET = 16.0;
				LD_RUNPATH_SEARCH_PATHS = (
					"$(inherited)",
					"@executable_path/../Frameworks",
					"@loader_path/Frameworks",
				);
				MACOSX_DEPLOYMENT_TARGET = 13.0;
				MARKETING_VERSION = 1.0;
				MODULE_VERIFIER_SUPPORTED_LANGUAGES = "objective-c objective-c++";
				MODULE_VERIFIER_SUPPORTED_LANGUAGE_STANDARDS = "gnu17 gnu++20";
				PRODUCT_BUNDLE_IDENTIFIER = com.testorg.TripPlannerCore;
				PRODUCT_MODULE_NAME = TripPlannerCore;
				PRODUCT_NAME = TripPlannerCore;
				SKIP_INSTALL = YES;
				SUPPORTED_PLATFORMS = "iphoneos iphonesimulator";
				SUPPORTS_MACCATALYST = NO;
				SWIFT_EMIT_LOC_STRINGS = YES;
				SWIFT_VERSION = 5.0;
				TARGETED_DEVICE_FAMILY = "1,2";
			};
			name = Release;
		};
/* End XCBuildConfiguration section */

/* Begin XCConfigurationList section */
		1A67A7B42B627D37008E77D0 /* Build configuration list for PBXProject "TripPlannerCore" */ = {
			isa = XCConfigurationList;
			buildConfigurations = (
				1A67A7CA2B627D37008E77D0 /* Debug */,
				1A67A7CB2B627D37008E77D0 /* Release */,
			);
			defaultConfigurationIsVisible = 0;
			defaultConfigurationName = Release;
		};
		1A67A7CC2B627D37008E77D0 /* Build configuration list for PBXNativeTarget "TripPlannerCore" */ = {
			isa = XCConfigurationList;
			buildConfigurations = (
				1A67A7CD2B627D37008E77D0 /* Debug */,
				1A67A7CE2B627D37008E77D0 /* Release */,
			);
			defaultConfigurationIsVisible = 0;
			defaultConfigurationName = Release;
		};
		1A67A7CF2B627D37008E77D0 /* Build configuration list for PBXNativeTarget "TripPlannerCoreTests" */ = {
			isa = XCConfigurationList;
			buildConfigurations = (
				1A67A7D02B627D37008E77D0 /* Debug */,
				1A67A7D12B627D37008E77D0 /* Release */,
			);
			defaultConfigurationIsVisible = 0;
			defaultConfigurationName = Release;
		};
		1A67A8502B640395008E77D0 /* Build configuration list for PBXNativeTarget "TripPlannerCore_iOS" */ = {
			isa = XCConfigurationList;
			buildConfigurations = (
				1A67A8512B640395008E77D0 /* Debug */,
				1A67A8522B640395008E77D0 /* Release */,
			);
			defaultConfigurationIsVisible = 0;
			defaultConfigurationName = Release;
		};
/* End XCConfigurationList section */
	};
	rootObject = 1A67A7B12B627D37008E77D0 /* Project object */;
}
